{
    "name": "511固定资产运维管理",
    "version": "1.0.5",
    "lockfileVersion": 3,
    "requires": true,
    "packages": {
        "": {
            "name": "511固定资产运维管理",
            "version": "1.0.5",
            "license": "Apache",
            "dependencies": {
                "uview-ui": "^1.8.4"
            },
            "devDependencies": {},
            "engines": {
                "HBuilderX": "^3.1.2"
            }
        },
        "node_modules/uview-ui": {
            "version": "1.8.8",
            "resolved": "https://registry.npmjs.org/uview-ui/-/uview-ui-1.8.8.tgz",
            "integrity": "sha512-Osal3yzXiHor0In9OPTZuXTaqTbDglMZ9RGK/MPYDoQQs+y0hrBCUD0Xp5T70C8i2lLu2X6Z11zJhmsQWMR7Jg=="
        }
    }
}
